// !$*UTF8*$!
{
	archiveVersion = 1;
	classes = {
	};
	objectVersion = 56;
	objects = {

/* Begin PBXBuildFile section */
		DEEED2902B95E1D7008E42AE /* AppDelegate.swift in Sources */ = {isa = PBXBuildFile; fileRef = DEEED28F2B95E1D7008E42AE /* AppDelegate.swift */; };
		DEEED2922B95E1D7008E42AE /* SceneDelegate.swift in Sources */ = {isa = PBXBuildFile; fileRef = DEEED2912B95E1D7008E42AE /* SceneDelegate.swift */; };
		DEEED2942B95E1D7008E42AE /* ViewController.swift in Sources */ = {isa = PBXBuildFile; fileRef = DEEED2932B95E1D7008E42AE /* ViewController.swift */; };
		DEEED2972B95E1D7008E42AE /* Main.storyboard in Resources */ = {isa = PBXBuildFile; fileRef = DEEED2952B95E1D7008E42AE /* Main.storyboard */; };
		DEEED2992B95E1D8008E42AE /* Assets.xcassets in Resources */ = {isa = PBXBuildFile; fileRef = DEEED2982B95E1D8008E42AE /* Assets.xcassets */; };
		DEEED29C2B95E1D8008E42AE /* LaunchScreen.storyboard in Resources */ = {isa = PBXBuildFile; fileRef = DEEED29A2B95E1D8008E42AE /* LaunchScreen.storyboard */; };
		DEEED2A42B95E262008E42AE /* GoogleService-Info.plist in Resources */ = {isa = PBXBuildFile; fileRef = DEEED2A32B95E262008E42AE /* GoogleService-Info.plist */; };
		DEEED2A72B95E457008E42AE /* FirebaseAnalytics in Frameworks */ = {isa = PBXBuildFile; productRef = DEEED2A62B95E457008E42AE /* FirebaseAnalytics */; };
		DEEED2A92B95E457008E42AE /* FirebaseAnalyticsOnDeviceConversion in Frameworks */ = {isa = PBXBuildFile; productRef = DEEED2A82B95E457008E42AE /* FirebaseAnalyticsOnDeviceConversion */; };
		DEEED2AB2B95E457008E42AE /* FirebaseAnalyticsSwift in Frameworks */ = {isa = PBXBuildFile; productRef = DEEED2AA2B95E457008E42AE /* FirebaseAnalyticsSwift */; };
		DEEED2AD2B95E457008E42AE /* FirebaseAnalyticsWithoutAdIdSupport in Frameworks */ = {isa = PBXBuildFile; productRef = DEEED2AC2B95E457008E42AE /* FirebaseAnalyticsWithoutAdIdSupport */; };
		DEEED2AF2B95E457008E42AE /* FirebaseAppCheck in Frameworks */ = {isa = PBXBuildFile; productRef = DEEED2AE2B95E457008E42AE /* FirebaseAppCheck */; };
		DEEED2B12B95E457008E42AE /* FirebaseAppDistribution-Beta in Frameworks */ = {isa = PBXBuildFile; productRef = DEEED2B02B95E457008E42AE /* FirebaseAppDistribution-Beta */; };
		DEEED2B32B95E457008E42AE /* FirebaseAuth in Frameworks */ = {isa = PBXBuildFile; productRef = DEEED2B22B95E457008E42AE /* FirebaseAuth */; };
		DEEED2B52B95E457008E42AE /* FirebaseAuthCombine-Community in Frameworks */ = {isa = PBXBuildFile; productRef = DEEED2B42B95E457008E42AE /* FirebaseAuthCombine-Community */; };
		DEEED2B72B95E457008E42AE /* FirebaseCrashlytics in Frameworks */ = {isa = PBXBuildFile; productRef = DEEED2B62B95E457008E42AE /* FirebaseCrashlytics */; };
		DEEED2B92B95E457008E42AE /* FirebaseDatabase in Frameworks */ = {isa = PBXBuildFile; productRef = DEEED2B82B95E457008E42AE /* FirebaseDatabase */; };
		DEEED2BB2B95E457008E42AE /* FirebaseDatabaseSwift in Frameworks */ = {isa = PBXBuildFile; productRef = DEEED2BA2B95E457008E42AE /* FirebaseDatabaseSwift */; };
		DEEED2BD2B95E457008E42AE /* FirebaseDynamicLinks in Frameworks */ = {isa = PBXBuildFile; productRef = DEEED2BC2B95E457008E42AE /* FirebaseDynamicLinks */; };
		DEEED2BF2B95E457008E42AE /* FirebaseFirestore in Frameworks */ = {isa = PBXBuildFile; productRef = DEEED2BE2B95E457008E42AE /* FirebaseFirestore */; };
		DEEED2C12B95E457008E42AE /* FirebaseFirestoreCombine-Community in Frameworks */ = {isa = PBXBuildFile; productRef = DEEED2C02B95E457008E42AE /* FirebaseFirestoreCombine-Community */; };
		DEEED2C32B95E457008E42AE /* FirebaseFirestoreSwift in Frameworks */ = {isa = PBXBuildFile; productRef = DEEED2C22B95E457008E42AE /* FirebaseFirestoreSwift */; };
		DEEED2C52B95E457008E42AE /* FirebaseFunctions in Frameworks */ = {isa = PBXBuildFile; productRef = DEEED2C42B95E457008E42AE /* FirebaseFunctions */; };
		DEEED2C72B95E457008E42AE /* FirebaseFunctionsCombine-Community in Frameworks */ = {isa = PBXBuildFile; productRef = DEEED2C62B95E457008E42AE /* FirebaseFunctionsCombine-Community */; };
		DEEED2C92B95E457008E42AE /* FirebaseInAppMessaging-Beta in Frameworks */ = {isa = PBXBuildFile; productRef = DEEED2C82B95E457008E42AE /* FirebaseInAppMessaging-Beta */; };
		DEEED2CB2B95E457008E42AE /* FirebaseInAppMessagingSwift-Beta in Frameworks */ = {isa = PBXBuildFile; productRef = DEEED2CA2B95E457008E42AE /* FirebaseInAppMessagingSwift-Beta */; };
		DEEED2CD2B95E457008E42AE /* FirebaseInstallations in Frameworks */ = {isa = PBXBuildFile; productRef = DEEED2CC2B95E457008E42AE /* FirebaseInstallations */; };
		DEEED2CF2B95E457008E42AE /* FirebaseMLModelDownloader in Frameworks */ = {isa = PBXBuildFile; productRef = DEEED2CE2B95E457008E42AE /* FirebaseMLModelDownloader */; };
		DEEED2D12B95E457008E42AE /* FirebaseMessaging in Frameworks */ = {isa = PBXBuildFile; productRef = DEEED2D02B95E457008E42AE /* FirebaseMessaging */; };
		DEEED2D32B95E457008E42AE /* FirebasePerformance in Frameworks */ = {isa = PBXBuildFile; productRef = DEEED2D22B95E457008E42AE /* FirebasePerformance */; };
		DEEED2D52B95E457008E42AE /* FirebaseRemoteConfig in Frameworks */ = {isa = PBXBuildFile; productRef = DEEED2D42B95E457008E42AE /* FirebaseRemoteConfig */; };
		DEEED2D72B95E457008E42AE /* FirebaseRemoteConfigSwift in Frameworks */ = {isa = PBXBuildFile; productRef = DEEED2D62B95E457008E42AE /* FirebaseRemoteConfigSwift */; };
		DEEED2D92B95E457008E42AE /* FirebaseStorage in Frameworks */ = {isa = PBXBuildFile; productRef = DEEED2D82B95E457008E42AE /* FirebaseStorage */; };
		DEEED2DB2B95E457008E42AE /* FirebaseStorageCombine-Community in Frameworks */ = {isa = PBXBuildFile; productRef = DEEED2DA2B95E457008E42AE /* FirebaseStorageCombine-Community */; };
/* End PBXBuildFile section */

/* Begin PBXFileReference section */
		DEEED28C2B95E1D7008E42AE /* FirebaseInstagramCloneAppSwift.app */ = {isa = PBXFileReference; explicitFileType = wrapper.application; includeInIndex = 0; path = FirebaseInstagramCloneAppSwift.app; sourceTree = BUILT_PRODUCTS_DIR; };
		DEEED28F2B95E1D7008E42AE /* AppDelegate.swift */ = {isa = PBXFileReference; lastKnownFileType = sourcecode.swift; path = AppDelegate.swift; sourceTree = "<group>"; };
		DEEED2912B95E1D7008E42AE /* SceneDelegate.swift */ = {isa = PBXFileReference; lastKnownFileType = sourcecode.swift; path = SceneDelegate.swift; sourceTree = "<group>"; };
		DEEED2932B95E1D7008E42AE /* ViewController.swift */ = {isa = PBXFileReference; lastKnownFileType = sourcecode.swift; path = ViewController.swift; sourceTree = "<group>"; };
		DEEED2962B95E1D7008E42AE /* Base */ = {isa = PBXFileReference; lastKnownFileType = file.storyboard; name = Base; path = Base.lproj/Main.storyboard; sourceTree = "<group>"; };
		DEEED2982B95E1D8008E42AE /* Assets.xcassets */ = {isa = PBXFileReference; lastKnownFileType = folder.assetcatalog; path = Assets.xcassets; sourceTree = "<group>"; };
		DEEED29B2B95E1D8008E42AE /* Base */ = {isa = PBXFileReference; lastKnownFileType = file.storyboard; name = Base; path = Base.lproj/LaunchScreen.storyboard; sourceTree = "<group>"; };
		DEEED29D2B95E1D8008E42AE /* Info.plist */ = {isa = PBXFileReference; lastKnownFileType = text.plist.xml; path = Info.plist; sourceTree = "<group>"; };
		DEEED2A32B95E262008E42AE /* GoogleService-Info.plist */ = {isa = PBXFileReference; fileEncoding = 4; lastKnownFileType = text.plist.xml; path = "GoogleService-Info.plist"; sourceTree = "<group>"; };
/* End PBXFileReference section */

/* Begin PBXFrameworksBuildPhase section */
		DEEED2892B95E1D7008E42AE /* Frameworks */ = {
			isa = PBXFrameworksBuildPhase;
			buildActionMask = 2147483647;
			files = (
				DEEED2B92B95E457008E42AE /* FirebaseDatabase in Frameworks */,
				DEEED2C72B95E457008E42AE /* FirebaseFunctionsCombine-Community in Frameworks */,
				DEEED2BF2B95E457008E42AE /* FirebaseFirestore in Frameworks */,
				DEEED2AB2B95E457008E42AE /* FirebaseAnalyticsSwift in Frameworks */,
				DEEED2A72B95E457008E42AE /* FirebaseAnalytics in Frameworks */,
				DEEED2A92B95E457008E42AE /* FirebaseAnalyticsOnDeviceConversion in Frameworks */,
				DEEED2CF2B95E457008E42AE /* FirebaseMLModelDownloader in Frameworks */,
				DEEED2C32B95E457008E42AE /* FirebaseFirestoreSwift in Frameworks */,
				DEEED2AF2B95E457008E42AE /* FirebaseAppCheck in Frameworks */,
				DEEED2AD2B95E457008E42AE /* FirebaseAnalyticsWithoutAdIdSupport in Frameworks */,
				DEEED2B32B95E457008E42AE /* FirebaseAuth in Frameworks */,
				DEEED2B72B95E457008E42AE /* FirebaseCrashlytics in Frameworks */,
				DEEED2D72B95E457008E42AE /* FirebaseRemoteConfigSwift in Frameworks */,
				DEEED2C92B95E457008E42AE /* FirebaseInAppMessaging-Beta in Frameworks */,
				DEEED2BB2B95E457008E42AE /* FirebaseDatabaseSwift in Frameworks */,
				DEEED2C52B95E457008E42AE /* FirebaseFunctions in Frameworks */,
				DEEED2DB2B95E457008E42AE /* FirebaseStorageCombine-Community in Frameworks */,
				DEEED2D52B95E457008E42AE /* FirebaseRemoteConfig in Frameworks */,
				DEEED2B12B95E457008E42AE /* FirebaseAppDistribution-Beta in Frameworks */,
				DEEED2B52B95E457008E42AE /* FirebaseAuthCombine-Community in Frameworks */,
				DEEED2D32B95E457008E42AE /* FirebasePerformance in Frameworks */,
				DEEED2CB2B95E457008E42AE /* FirebaseInAppMessagingSwift-Beta in Frameworks */,
				DEEED2D92B95E457008E42AE /* FirebaseStorage in Frameworks */,
				DEEED2BD2B95E457008E42AE /* FirebaseDynamicLinks in Frameworks */,
				DEEED2C12B95E457008E42AE /* FirebaseFirestoreCombine-Community in Frameworks */,
				DEEED2D12B95E457008E42AE /* FirebaseMessaging in Frameworks */,
				DEEED2CD2B95E457008E42AE /* FirebaseInstallations in Frameworks */,
			);
			runOnlyForDeploymentPostprocessing = 0;
		};
/* End PBXFrameworksBuildPhase section */

/* Begin PBXGroup section */
		DEEED2832B95E1D7008E42AE = {
			isa = PBXGroup;
			children = (
				DEEED28E2B95E1D7008E42AE /* FirebaseInstagramCloneAppSwift */,
				DEEED28D2B95E1D7008E42AE /* Products */,
			);
			sourceTree = "<group>";
		};
		DEEED28D2B95E1D7008E42AE /* Products */ = {
			isa = PBXGroup;
			children = (
				DEEED28C2B95E1D7008E42AE /* FirebaseInstagramCloneAppSwift.app */,
			);
			name = Products;
			sourceTree = "<group>";
		};
		DEEED28E2B95E1D7008E42AE /* FirebaseInstagramCloneAppSwift */ = {
			isa = PBXGroup;
			children = (
				DEEED28F2B95E1D7008E42AE /* AppDelegate.swift */,
				DEEED2912B95E1D7008E42AE /* SceneDelegate.swift */,
				DEEED2932B95E1D7008E42AE /* ViewController.swift */,
				DEEED2952B95E1D7008E42AE /* Main.storyboard */,
				DEEED2982B95E1D8008E42AE /* Assets.xcassets */,
				DEEED29A2B95E1D8008E42AE /* LaunchScreen.storyboard */,
				DEEED29D2B95E1D8008E42AE /* Info.plist */,
				DEEED2A32B95E262008E42AE /* GoogleService-Info.plist */,
			);
			path = FirebaseInstagramCloneAppSwift;
			sourceTree = "<group>";
		};
/* End PBXGroup section */

/* Begin PBXNativeTarget section */
		DEEED28B2B95E1D7008E42AE /* FirebaseInstagramCloneAppSwift */ = {
			isa = PBXNativeTarget;
			buildConfigurationList = DEEED2A02B95E1D8008E42AE /* Build configuration list for PBXNativeTarget "FirebaseInstagramCloneAppSwift" */;
			buildPhases = (
				DEEED2882B95E1D7008E42AE /* Sources */,
				DEEED2892B95E1D7008E42AE /* Frameworks */,
				DEEED28A2B95E1D7008E42AE /* Resources */,
			);
			buildRules = (
			);
			dependencies = (
			);
			name = FirebaseInstagramCloneAppSwift;
			packageProductDependencies = (
				DEEED2A62B95E457008E42AE /* FirebaseAnalytics */,
				DEEED2A82B95E457008E42AE /* FirebaseAnalyticsOnDeviceConversion */,
				DEEED2AA2B95E457008E42AE /* FirebaseAnalyticsSwift */,
				DEEED2AC2B95E457008E42AE /* FirebaseAnalyticsWithoutAdIdSupport */,
				DEEED2AE2B95E457008E42AE /* FirebaseAppCheck */,
				DEEED2B02B95E457008E42AE /* FirebaseAppDistribution-Beta */,
				DEEED2B22B95E457008E42AE /* FirebaseAuth */,
				DEEED2B42B95E457008E42AE /* FirebaseAuthCombine-Community */,
				DEEED2B62B95E457008E42AE /* FirebaseCrashlytics */,
				DEEED2B82B95E457008E42AE /* FirebaseDatabase */,
				DEEED2BA2B95E457008E42AE /* FirebaseDatabaseSwift */,
				DEEED2BC2B95E457008E42AE /* FirebaseDynamicLinks */,
				DEEED2BE2B95E457008E42AE /* FirebaseFirestore */,
				DEEED2C02B95E457008E42AE /* FirebaseFirestoreCombine-Community */,
				DEEED2C22B95E457008E42AE /* FirebaseFirestoreSwift */,
				DEEED2C42B95E457008E42AE /* FirebaseFunctions */,
				DEEED2C62B95E457008E42AE /* FirebaseFunctionsCombine-Community */,
				DEEED2C82B95E457008E42AE /* FirebaseInAppMessaging-Beta */,
				DEEED2CA2B95E457008E42AE /* FirebaseInAppMessagingSwift-Beta */,
				DEEED2CC2B95E457008E42AE /* FirebaseInstallations */,
				DEEED2CE2B95E457008E42AE /* FirebaseMLModelDownloader */,
				DEEED2D02B95E457008E42AE /* FirebaseMessaging */,
				DEEED2D22B95E457008E42AE /* FirebasePerformance */,
				DEEED2D42B95E457008E42AE /* FirebaseRemoteConfig */,
				DEEED2D62B95E457008E42AE /* FirebaseRemoteConfigSwift */,
				DEEED2D82B95E457008E42AE /* FirebaseStorage */,
				DEEED2DA2B95E457008E42AE /* FirebaseStorageCombine-Community */,
			);
			productName = FirebaseInstagramCloneAppSwift;
			productReference = DEEED28C2B95E1D7008E42AE /* FirebaseInstagramCloneAppSwift.app */;
			productType = "com.apple.product-type.application";
		};
/* End PBXNativeTarget section */

/* Begin PBXProject section */
		DEEED2842B95E1D7008E42AE /* Project object */ = {
			isa = PBXProject;
			attributes = {
				BuildIndependentTargetsInParallel = 1;
				LastSwiftUpdateCheck = 1520;
				LastUpgradeCheck = 1520;
				TargetAttributes = {
					DEEED28B2B95E1D7008E42AE = {
						CreatedOnToolsVersion = 15.2;
					};
				};
			};
			buildConfigurationList = DEEED2872B95E1D7008E42AE /* Build configuration list for PBXProject "FirebaseInstagramCloneAppSwift" */;
			compatibilityVersion = "Xcode 14.0";
			developmentRegion = en;
			hasScannedForEncodings = 0;
			knownRegions = (
				en,
				Base,
			);
			mainGroup = DEEED2832B95E1D7008E42AE;
			packageReferences = (
				DEEED2A52B95E457008E42AE /* XCRemoteSwiftPackageReference "firebase-ios-sdk" */,
			);
			productRefGroup = DEEED28D2B95E1D7008E42AE /* Products */;
			projectDirPath = "";
			projectRoot = "";
			targets = (
				DEEED28B2B95E1D7008E42AE /* FirebaseInstagramCloneAppSwift */,
			);
		};
/* End PBXProject section */

/* Begin PBXResourcesBuildPhase section */
		DEEED28A2B95E1D7008E42AE /* Resources */ = {
			isa = PBXResourcesBuildPhase;
			buildActionMask = 2147483647;
			files = (
				DEEED29C2B95E1D8008E42AE /* LaunchScreen.storyboard in Resources */,
				DEEED2A42B95E262008E42AE /* GoogleService-Info.plist in Resources */,
				DEEED2992B95E1D8008E42AE /* Assets.xcassets in Resources */,
				DEEED2972B95E1D7008E42AE /* Main.storyboard in Resources */,
			);
			runOnlyForDeploymentPostprocessing = 0;
		};
/* End PBXResourcesBuildPhase section */

/* Begin PBXSourcesBuildPhase section */
		DEEED2882B95E1D7008E42AE /* Sources */ = {
			isa = PBXSourcesBuildPhase;
			buildActionMask = 2147483647;
			files = (
				DEEED2942B95E1D7008E42AE /* ViewController.swift in Sources */,
				DEEED2902B95E1D7008E42AE /* AppDelegate.swift in Sources */,
				DEEED2922B95E1D7008E42AE /* SceneDelegate.swift in Sources */,
			);
			runOnlyForDeploymentPostprocessing = 0;
		};
/* End PBXSourcesBuildPhase section */

/* Begin PBXVariantGroup section */
		DEEED2952B95E1D7008E42AE /* Main.storyboard */ = {
			isa = PBXVariantGroup;
			children = (
				DEEED2962B95E1D7008E42AE /* Base */,
			);
			name = Main.storyboard;
			sourceTree = "<group>";
		};
		DEEED29A2B95E1D8008E42AE /* LaunchScreen.storyboard */ = {
			isa = PBXVariantGroup;
			children = (
				DEEED29B2B95E1D8008E42AE /* Base */,
			);
			name = LaunchScreen.storyboard;
			sourceTree = "<group>";
		};
/* End PBXVariantGroup section */

/* Begin XCBuildConfiguration section */
		DEEED29E2B95E1D8008E42AE /* Debug */ = {
			isa = XCBuildConfiguration;
			buildSettings = {
				ALWAYS_SEARCH_USER_PATHS = NO;
				ASSETCATALOG_COMPILER_GENERATE_SWIFT_ASSET_SYMBOL_EXTENSIONS = YES;
				CLANG_ANALYZER_NONNULL = YES;
				CLANG_ANALYZER_NUMBER_OBJECT_CONVERSION = YES_AGGRESSIVE;
				CLANG_CXX_LANGUAGE_STANDARD = "gnu++20";
				CLANG_ENABLE_MODULES = YES;
				CLANG_ENABLE_OBJC_ARC = YES;
				CLANG_ENABLE_OBJC_WEAK = YES;
				CLANG_WARN_BLOCK_CAPTURE_AUTORELEASING = YES;
				CLANG_WARN_BOOL_CONVERSION = YES;
				CLANG_WARN_COMMA = YES;
				CLANG_WARN_CONSTANT_CONVERSION = YES;
				CLANG_WARN_DEPRECATED_OBJC_IMPLEMENTATIONS = YES;
				CLANG_WARN_DIRECT_OBJC_ISA_USAGE = YES_ERROR;
				CLANG_WARN_DOCUMENTATION_COMMENTS = YES;
				CLANG_WARN_EMPTY_BODY = YES;
				CLANG_WARN_ENUM_CONVERSION = YES;
				CLANG_WARN_INFINITE_RECURSION = YES;
				CLANG_WARN_INT_CONVERSION = YES;
				CLANG_WARN_NON_LITERAL_NULL_CONVERSION = YES;
				CLANG_WARN_OBJC_IMPLICIT_RETAIN_SELF = YES;
				CLANG_WARN_OBJC_LITERAL_CONVERSION = YES;
				CLANG_WARN_OBJC_ROOT_CLASS = YES_ERROR;
				CLANG_WARN_QUOTED_INCLUDE_IN_FRAMEWORK_HEADER = YES;
				CLANG_WARN_RANGE_LOOP_ANALYSIS = YES;
				CLANG_WARN_STRICT_PROTOTYPES = YES;
				CLANG_WARN_SUSPICIOUS_MOVE = YES;
				CLANG_WARN_UNGUARDED_AVAILABILITY = YES_AGGRESSIVE;
				CLANG_WARN_UNREACHABLE_CODE = YES;
				CLANG_WARN__DUPLICATE_METHOD_MATCH = YES;
				COPY_PHASE_STRIP = NO;
				DEBUG_INFORMATION_FORMAT = dwarf;
				ENABLE_STRICT_OBJC_MSGSEND = YES;
				ENABLE_TESTABILITY = YES;
				ENABLE_USER_SCRIPT_SANDBOXING = YES;
				GCC_C_LANGUAGE_STANDARD = gnu17;
				GCC_DYNAMIC_NO_PIC = NO;
				GCC_NO_COMMON_BLOCKS = YES;
				GCC_OPTIMIZATION_LEVEL = 0;
				GCC_PREPROCESSOR_DEFINITIONS = (
					"DEBUG=1",
					"$(inherited)",
				);
				GCC_WARN_64_TO_32_BIT_CONVERSION = YES;
				GCC_WARN_ABOUT_RETURN_TYPE = YES_ERROR;
				GCC_WARN_UNDECLARED_SELECTOR = YES;
				GCC_WARN_UNINITIALIZED_AUTOS = YES_AGGRESSIVE;
				GCC_WARN_UNUSED_FUNCTION = YES;
				GCC_WARN_UNUSED_VARIABLE = YES;
				IPHONEOS_DEPLOYMENT_TARGET = 17.2;
				LOCALIZATION_PREFERS_STRING_CATALOGS = YES;
				MTL_ENABLE_DEBUG_INFO = INCLUDE_SOURCE;
				MTL_FAST_MATH = YES;
				ONLY_ACTIVE_ARCH = YES;
				SDKROOT = iphoneos;
				SWIFT_ACTIVE_COMPILATION_CONDITIONS = "DEBUG $(inherited)";
				SWIFT_OPTIMIZATION_LEVEL = "-Onone";
			};
			name = Debug;
		};
		DEEED29F2B95E1D8008E42AE /* Release */ = {
			isa = XCBuildConfiguration;
			buildSettings = {
				ALWAYS_SEARCH_USER_PATHS = NO;
				ASSETCATALOG_COMPILER_GENERATE_SWIFT_ASSET_SYMBOL_EXTENSIONS = YES;
				CLANG_ANALYZER_NONNULL = YES;
				CLANG_ANALYZER_NUMBER_OBJECT_CONVERSION = YES_AGGRESSIVE;
				CLANG_CXX_LANGUAGE_STANDARD = "gnu++20";
				CLANG_ENABLE_MODULES = YES;
				CLANG_ENABLE_OBJC_ARC = YES;
				CLANG_ENABLE_OBJC_WEAK = YES;
				CLANG_WARN_BLOCK_CAPTURE_AUTORELEASING = YES;
				CLANG_WARN_BOOL_CONVERSION = YES;
				CLANG_WARN_COMMA = YES;
				CLANG_WARN_CONSTANT_CONVERSION = YES;
				CLANG_WARN_DEPRECATED_OBJC_IMPLEMENTATIONS = YES;
				CLANG_WARN_DIRECT_OBJC_ISA_USAGE = YES_ERROR;
				CLANG_WARN_DOCUMENTATION_COMMENTS = YES;
				CLANG_WARN_EMPTY_BODY = YES;
				CLANG_WARN_ENUM_CONVERSION = YES;
				CLANG_WARN_INFINITE_RECURSION = YES;
				CLANG_WARN_INT_CONVERSION = YES;
				CLANG_WARN_NON_LITERAL_NULL_CONVERSION = YES;
				CLANG_WARN_OBJC_IMPLICIT_RETAIN_SELF = YES;
				CLANG_WARN_OBJC_LITERAL_CONVERSION = YES;
				CLANG_WARN_OBJC_ROOT_CLASS = YES_ERROR;
				CLANG_WARN_QUOTED_INCLUDE_IN_FRAMEWORK_HEADER = YES;
				CLANG_WARN_RANGE_LOOP_ANALYSIS = YES;
				CLANG_WARN_STRICT_PROTOTYPES = YES;
				CLANG_WARN_SUSPICIOUS_MOVE = YES;
				CLANG_WARN_UNGUARDED_AVAILABILITY = YES_AGGRESSIVE;
				CLANG_WARN_UNREACHABLE_CODE = YES;
				CLANG_WARN__DUPLICATE_METHOD_MATCH = YES;
				COPY_PHASE_STRIP = NO;
				DEBUG_INFORMATION_FORMAT = "dwarf-with-dsym";
				ENABLE_NS_ASSERTIONS = NO;
				ENABLE_STRICT_OBJC_MSGSEND = YES;
				ENABLE_USER_SCRIPT_SANDBOXING = YES;
				GCC_C_LANGUAGE_STANDARD = gnu17;
				GCC_NO_COMMON_BLOCKS = YES;
				GCC_WARN_64_TO_32_BIT_CONVERSION = YES;
				GCC_WARN_ABOUT_RETURN_TYPE = YES_ERROR;
				GCC_WARN_UNDECLARED_SELECTOR = YES;
				GCC_WARN_UNINITIALIZED_AUTOS = YES_AGGRESSIVE;
				GCC_WARN_UNUSED_FUNCTION = YES;
				GCC_WARN_UNUSED_VARIABLE = YES;
				IPHONEOS_DEPLOYMENT_TARGET = 17.2;
				LOCALIZATION_PREFERS_STRING_CATALOGS = YES;
				MTL_ENABLE_DEBUG_INFO = NO;
				MTL_FAST_MATH = YES;
				SDKROOT = iphoneos;
				SWIFT_COMPILATION_MODE = wholemodule;
				VALIDATE_PRODUCT = YES;
			};
			name = Release;
		};
		DEEED2A12B95E1D8008E42AE /* Debug */ = {
			isa = XCBuildConfiguration;
			buildSettings = {
				ASSETCATALOG_COMPILER_APPICON_NAME = AppIcon;
				ASSETCATALOG_COMPILER_GLOBAL_ACCENT_COLOR_NAME = AccentColor;
				CODE_SIGN_STYLE = Automatic;
				CURRENT_PROJECT_VERSION = 1;
				GENERATE_INFOPLIST_FILE = YES;
				INFOPLIST_FILE = FirebaseInstagramCloneAppSwift/Info.plist;
				INFOPLIST_KEY_UIApplicationSupportsIndirectInputEvents = YES;
				INFOPLIST_KEY_UILaunchStoryboardName = LaunchScreen;
				INFOPLIST_KEY_UIMainStoryboardFile = Main;
				INFOPLIST_KEY_UISupportedInterfaceOrientations_iPad = "UIInterfaceOrientationPortrait UIInterfaceOrientationPortraitUpsideDown UIInterfaceOrientationLandscapeLeft UIInterfaceOrientationLandscapeRight";
				INFOPLIST_KEY_UISupportedInterfaceOrientations_iPhone = "UIInterfaceOrientationPortrait UIInterfaceOrientationLandscapeLeft UIInterfaceOrientationLandscapeRight";
				LD_RUNPATH_SEARCH_PATHS = (
					"$(inherited)",
					"@executable_path/Frameworks",
				);
				MARKETING_VERSION = 1.0;
				PRODUCT_BUNDLE_IDENTIFIER = com.eneskala.FirebaseInstagramCloneAppSwift;
				PRODUCT_NAME = "$(TARGET_NAME)";
				SWIFT_EMIT_LOC_STRINGS = YES;
				SWIFT_VERSION = 5.0;
				TARGETED_DEVICE_FAMILY = "1,2";
			};
			name = Debug;
		};
		DEEED2A22B95E1D8008E42AE /* Release */ = {
			isa = XCBuildConfiguration;
			buildSettings = {
				ASSETCATALOG_COMPILER_APPICON_NAME = AppIcon;
				ASSETCATALOG_COMPILER_GLOBAL_ACCENT_COLOR_NAME = AccentColor;
				CODE_SIGN_STYLE = Automatic;
				CURRENT_PROJECT_VERSION = 1;
				GENERATE_INFOPLIST_FILE = YES;
				INFOPLIST_FILE = FirebaseInstagramCloneAppSwift/Info.plist;
				INFOPLIST_KEY_UIApplicationSupportsIndirectInputEvents = YES;
				INFOPLIST_KEY_UILaunchStoryboardName = LaunchScreen;
				INFOPLIST_KEY_UIMainStoryboardFile = Main;
				INFOPLIST_KEY_UISupportedInterfaceOrientations_iPad = "UIInterfaceOrientationPortrait UIInterfaceOrientationPortraitUpsideDown UIInterfaceOrientationLandscapeLeft UIInterfaceOrientationLandscapeRight";
				INFOPLIST_KEY_UISupportedInterfaceOrientations_iPhone = "UIInterfaceOrientationPortrait UIInterfaceOrientationLandscapeLeft UIInterfaceOrientationLandscapeRight";
				LD_RUNPATH_SEARCH_PATHS = (
					"$(inherited)",
					"@executable_path/Frameworks",
				);
				MARKETING_VERSION = 1.0;
				PRODUCT_BUNDLE_IDENTIFIER = com.eneskala.FirebaseInstagramCloneAppSwift;
				PRODUCT_NAME = "$(TARGET_NAME)";
				SWIFT_EMIT_LOC_STRINGS = YES;
				SWIFT_VERSION = 5.0;
				TARGETED_DEVICE_FAMILY = "1,2";
			};
			name = Release;
		};
/* End XCBuildConfiguration section */

/* Begin XCConfigurationList section */
		DEEED2872B95E1D7008E42AE /* Build configuration list for PBXProject "FirebaseInstagramCloneAppSwift" */ = {
			isa = XCConfigurationList;
			buildConfigurations = (
				DEEED29E2B95E1D8008E42AE /* Debug */,
				DEEED29F2B95E1D8008E42AE /* Release */,
			);
			defaultConfigurationIsVisible = 0;
			defaultConfigurationName = Release;
		};
		DEEED2A02B95E1D8008E42AE /* Build configuration list for PBXNativeTarget "FirebaseInstagramCloneAppSwift" */ = {
			isa = XCConfigurationList;
			buildConfigurations = (
				DEEED2A12B95E1D8008E42AE /* Debug */,
				DEEED2A22B95E1D8008E42AE /* Release */,
			);
			defaultConfigurationIsVisible = 0;
			defaultConfigurationName = Release;
		};
/* End XCConfigurationList section */

/* Begin XCRemoteSwiftPackageReference section */
		DEEED2A52B95E457008E42AE /* XCRemoteSwiftPackageReference "firebase-ios-sdk" */ = {
			isa = XCRemoteSwiftPackageReference;
			repositoryURL = "https://github.com/firebase/firebase-ios-sdk";
			requirement = {
				kind = upToNextMajorVersion;
				minimumVersion = 10.21.0;
			};
		};
/* End XCRemoteSwiftPackageReference section */

/* Begin XCSwiftPackageProductDependency section */
		DEEED2A62B95E457008E42AE /* FirebaseAnalytics */ = {
			isa = XCSwiftPackageProductDependency;
			package = DEEED2A52B95E457008E42AE /* XCRemoteSwiftPackageReference "firebase-ios-sdk" */;
			productName = FirebaseAnalytics;
		};
		DEEED2A82B95E457008E42AE /* FirebaseAnalyticsOnDeviceConversion */ = {
			isa = XCSwiftPackageProductDependency;
			package = DEEED2A52B95E457008E42AE /* XCRemoteSwiftPackageReference "firebase-ios-sdk" */;
			productName = FirebaseAnalyticsOnDeviceConversion;
		};
		DEEED2AA2B95E457008E42AE /* FirebaseAnalyticsSwift */ = {
			isa = XCSwiftPackageProductDependency;
			package = DEEED2A52B95E457008E42AE /* XCRemoteSwiftPackageReference "firebase-ios-sdk" */;
			productName = FirebaseAnalyticsSwift;
		};
		DEEED2AC2B95E457008E42AE /* FirebaseAnalyticsWithoutAdIdSupport */ = {
			isa = XCSwiftPackageProductDependency;
			package = DEEED2A52B95E457008E42AE /* XCRemoteSwiftPackageReference "firebase-ios-sdk" */;
			productName = FirebaseAnalyticsWithoutAdIdSupport;
		};
		DEEED2AE2B95E457008E42AE /* FirebaseAppCheck */ = {
			isa = XCSwiftPackageProductDependency;
			package = DEEED2A52B95E457008E42AE /* XCRemoteSwiftPackageReference "firebase-ios-sdk" */;
			productName = FirebaseAppCheck;
		};
		DEEED2B02B95E457008E42AE /* FirebaseAppDistribution-Beta */ = {
			isa = XCSwiftPackageProductDependency;
			package = DEEED2A52B95E457008E42AE /* XCRemoteSwiftPackageReference "firebase-ios-sdk" */;
			productName = "FirebaseAppDistribution-Beta";
		};
		DEEED2B22B95E457008E42AE /* FirebaseAuth */ = {
			isa = XCSwiftPackageProductDependency;
			package = DEEED2A52B95E457008E42AE /* XCRemoteSwiftPackageReference "firebase-ios-sdk" */;
			productName = FirebaseAuth;
		};
		DEEED2B42B95E457008E42AE /* FirebaseAuthCombine-Community */ = {
			isa = XCSwiftPackageProductDependency;
			package = DEEED2A52B95E457008E42AE /* XCRemoteSwiftPackageReference "firebase-ios-sdk" */;
			productName = "FirebaseAuthCombine-Community";
		};
		DEEED2B62B95E457008E42AE /* FirebaseCrashlytics */ = {
			isa = XCSwiftPackageProductDependency;
			package = DEEED2A52B95E457008E42AE /* XCRemoteSwiftPackageReference "firebase-ios-sdk" */;
			productName = FirebaseCrashlytics;
		};
		DEEED2B82B95E457008E42AE /* FirebaseDatabase */ = {
			isa = XCSwiftPackageProductDependency;
			package = DEEED2A52B95E457008E42AE /* XCRemoteSwiftPackageReference "firebase-ios-sdk" */;
			productName = FirebaseDatabase;
		};
		DEEED2BA2B95E457008E42AE /* FirebaseDatabaseSwift */ = {
			isa = XCSwiftPackageProductDependency;
			package = DEEED2A52B95E457008E42AE /* XCRemoteSwiftPackageReference "firebase-ios-sdk" */;
			productName = FirebaseDatabaseSwift;
		};
		DEEED2BC2B95E457008E42AE /* FirebaseDynamicLinks */ = {
			isa = XCSwiftPackageProductDependency;
			package = DEEED2A52B95E457008E42AE /* XCRemoteSwiftPackageReference "firebase-ios-sdk" */;
			productName = FirebaseDynamicLinks;
		};
		DEEED2BE2B95E457008E42AE /* FirebaseFirestore */ = {
			isa = XCSwiftPackageProductDependency;
			package = DEEED2A52B95E457008E42AE /* XCRemoteSwiftPackageReference "firebase-ios-sdk" */;
			productName = FirebaseFirestore;
		};
		DEEED2C02B95E457008E42AE /* FirebaseFirestoreCombine-Community */ = {
			isa = XCSwiftPackageProductDependency;
			package = DEEED2A52B95E457008E42AE /* XCRemoteSwiftPackageReference "firebase-ios-sdk" */;
			productName = "FirebaseFirestoreCombine-Community";
		};
		DEEED2C22B95E457008E42AE /* FirebaseFirestoreSwift */ = {
			isa = XCSwiftPackageProductDependency;
			package = DEEED2A52B95E457008E42AE /* XCRemoteSwiftPackageReference "firebase-ios-sdk" */;
			productName = FirebaseFirestoreSwift;
		};
		DEEED2C42B95E457008E42AE /* FirebaseFunctions */ = {
			isa = XCSwiftPackageProductDependency;
			package = DEEED2A52B95E457008E42AE /* XCRemoteSwiftPackageReference "firebase-ios-sdk" */;
			productName = FirebaseFunctions;
		};
		DEEED2C62B95E457008E42AE /* FirebaseFunctionsCombine-Community */ = {
			isa = XCSwiftPackageProductDependency;
			package = DEEED2A52B95E457008E42AE /* XCRemoteSwiftPackageReference "firebase-ios-sdk" */;
			productName = "FirebaseFunctionsCombine-Community";
		};
		DEEED2C82B95E457008E42AE /* FirebaseInAppMessaging-Beta */ = {
			isa = XCSwiftPackageProductDependency;
			package = DEEED2A52B95E457008E42AE /* XCRemoteSwiftPackageReference "firebase-ios-sdk" */;
			productName = "FirebaseInAppMessaging-Beta";
		};
		DEEED2CA2B95E457008E42AE /* FirebaseInAppMessagingSwift-Beta */ = {
			isa = XCSwiftPackageProductDependency;
			package = DEEED2A52B95E457008E42AE /* XCRemoteSwiftPackageReference "firebase-ios-sdk" */;
			productName = "FirebaseInAppMessagingSwift-Beta";
		};
		DEEED2CC2B95E457008E42AE /* FirebaseInstallations */ = {
			isa = XCSwiftPackageProductDependency;
			package = DEEED2A52B95E457008E42AE /* XCRemoteSwiftPackageReference "firebase-ios-sdk" */;
			productName = FirebaseInstallations;
		};
		DEEED2CE2B95E457008E42AE /* FirebaseMLModelDownloader */ = {
			isa = XCSwiftPackageProductDependency;
			package = DEEED2A52B95E457008E42AE /* XCRemoteSwiftPackageReference "firebase-ios-sdk" */;
			productName = FirebaseMLModelDownloader;
		};
		DEEED2D02B95E457008E42AE /* FirebaseMessaging */ = {
			isa = XCSwiftPackageProductDependency;
			package = DEEED2A52B95E457008E42AE /* XCRemoteSwiftPackageReference "firebase-ios-sdk" */;
			productName = FirebaseMessaging;
		};
		DEEED2D22B95E457008E42AE /* FirebasePerformance */ = {
			isa = XCSwiftPackageProductDependency;
			package = DEEED2A52B95E457008E42AE /* XCRemoteSwiftPackageReference "firebase-ios-sdk" */;
			productName = FirebasePerformance;
		};
		DEEED2D42B95E457008E42AE /* FirebaseRemoteConfig */ = {
			isa = XCSwiftPackageProductDependency;
			package = DEEED2A52B95E457008E42AE /* XCRemoteSwiftPackageReference "firebase-ios-sdk" */;
			productName = FirebaseRemoteConfig;
		};
		DEEED2D62B95E457008E42AE /* FirebaseRemoteConfigSwift */ = {
			isa = XCSwiftPackageProductDependency;
			package = DEEED2A52B95E457008E42AE /* XCRemoteSwiftPackageReference "firebase-ios-sdk" */;
			productName = FirebaseRemoteConfigSwift;
		};
		DEEED2D82B95E457008E42AE /* FirebaseStorage */ = {
			isa = XCSwiftPackageProductDependency;
			package = DEEED2A52B95E457008E42AE /* XCRemoteSwiftPackageReference "firebase-ios-sdk" */;
			productName = FirebaseStorage;
		};
		DEEED2DA2B95E457008E42AE /* FirebaseStorageCombine-Community */ = {
			isa = XCSwiftPackageProductDependency;
			package = DEEED2A52B95E457008E42AE /* XCRemoteSwiftPackageReference "firebase-ios-sdk" */;
			productName = "FirebaseStorageCombine-Community";
		};
/* End XCSwiftPackageProductDependency section */
	};
	rootObject = DEEED2842B95E1D7008E42AE /* Project object */;
}
